
Microsoft Visual Studio Solution File, Format Version 12.00
# Visual Studio Version 16
VisualStudioVersion = 16.0.30907.101
MinimumVisualStudioVersion = 10.0.40219.1
Project("{FAE04EC0-301F-11D3-BF4B-00C04F79EFBC}") = "ClassMetotDemo", "ClassMetotDemo\ClassMetotDemo.csproj", "{64672446-6EA2-4EB7-B3AB-4E3897AE6E8B}"
EndProject
Global
	GlobalSection(SolutionConfigurationPlatforms) = preSolution
		Debug|Any CPU = Debug|Any CPU
		Release|Any CPU = Release|Any CPU
	EndGlobalSection
	GlobalSection(ProjectConfigurationPlatforms) = postSolution
		{64672446-6EA2-4EB7-B3AB-4E3897AE6E8B}.Debug|Any CPU.ActiveCfg = Debug|Any CPU
		{64672446-6EA2-4EB7-B3AB-4E3897AE6E8B}.Debug|Any CPU.Build.0 = Debug|Any CPU
		{64672446-6EA2-4EB7-B3AB-4E3897AE6E8B}.Release|Any CPU.ActiveCfg = Release|Any CPU
		{64672446-6EA2-4EB7-B3AB-4E3897AE6E8B}.Release|Any CPU.Build.0 = Release|Any CPU
	EndGlobalSection
	GlobalSection(SolutionProperties) = preSolution
		HideSolutionNode = FALSE
	EndGlobalSection
	GlobalSection(ExtensibilityGlobals) = postSolution
		SolutionGuid = {05F1506B-713D-4E3C-AE43-D229823ED357}
	EndGlobalSection
EndGlobal
